
Microsoft Visual Studio Solution File, Format Version 12.00
# Visual Studio Version 17
VisualStudioVersion = 17.10.34916.146
MinimumVisualStudioVersion = 10.0.40219.1
Project("{FAE04EC0-301F-11D3-BF4B-00C04F79EFBC}") = "FlightTicketMatic_V2", "FlightTicketMatic_V2\FlightTicketMatic_V2.csproj", "{48A81C2E-866E-4D8F-A9D2-6F02290BF43C}"
EndProject
Global
	GlobalSection(SolutionConfigurationPlatforms) = preSolution
		Debug|Any CPU = Debug|Any CPU
		Release|Any CPU = Release|Any CPU
	EndGlobalSection
	GlobalSection(ProjectConfigurationPlatforms) = postSolution
		{48A81C2E-866E-4D8F-A9D2-6F02290BF43C}.Debug|Any CPU.ActiveCfg = Debug|Any CPU
		{48A81C2E-866E-4D8F-A9D2-6F02290BF43C}.Debug|Any CPU.Build.0 = Debug|Any CPU
		{48A81C2E-866E-4D8F-A9D2-6F02290BF43C}.Release|Any CPU.ActiveCfg = Release|Any CPU
		{48A81C2E-866E-4D8F-A9D2-6F02290BF43C}.Release|Any CPU.Build.0 = Release|Any CPU
	EndGlobalSection
	GlobalSection(SolutionProperties) = preSolution
		HideSolutionNode = FALSE
	EndGlobalSection
	GlobalSection(ExtensibilityGlobals) = postSolution
		SolutionGuid = {8272E64B-98EA-4A3B-B8C5-27A88DFAF461}
	EndGlobalSection
EndGlobal
